
Microsoft Visual Studio Solution File, Format Version 12.00
Project("{FAE04EC0-301F-11D3-BF4B-00C04F79EFBC}") = "ModularMonolith.Api", "ModularMonolith.Api\ModularMonolith.Api.csproj", "{A0806EDA-66CC-4E04-9496-AC2420E61F45}"
EndProject
Project("{FAE04EC0-301F-11D3-BF4B-00C04F79EFBC}") = "ModularMonolith.Modules.Companies", "ModularMonolith.Modules.Companies\ModularMonolith.Modules.Companies.csproj", "{28B7D4C7-F6BB-4BBF-A43F-F6048BE136DF}"
EndProject
Project("{FAE04EC0-301F-11D3-BF4B-00C04F79EFBC}") = "ModularMonolith.Modules.Visits", "ModularMonolith.Modules.Visits\ModularMonolith.Modules.Visits.csproj", "{7C9D918F-AE48-4900-BEC9-9EF45E59E8D4}"
EndProject
Project("{2150E333-8FDC-42A3-9474-1A3956D46DE8}") = "01. Shared", "01. Shared", "{611216B0-E274-458A-A8B5-5CACA2878A49}"
EndProject
Project("{FAE04EC0-301F-11D3-BF4B-00C04F79EFBC}") = "ModularMonolith.Framework", "ModularMonolith.Framework\ModularMonolith.Framework.csproj", "{20115A89-4FB4-4199-B651-11FA956EE8E4}"
EndProject
Project("{2150E333-8FDC-42A3-9474-1A3956D46DE8}") = "02. Modules", "02. Modules", "{D45C133C-BA8A-49DE-9A94-266671995012}"
EndProject
Project("{2150E333-8FDC-42A3-9474-1A3956D46DE8}") = "03. Endpoints", "03. Endpoints", "{70CF9AFA-54C3-4BAB-9185-8F8FC41D05A7}"
EndProject
Project("{2150E333-8FDC-42A3-9474-1A3956D46DE8}") = "CompanyModule", "CompanyModule", "{59E008C4-777E-4E06-9299-3AB17C00F9AC}"
EndProject
Project("{2150E333-8FDC-42A3-9474-1A3956D46DE8}") = "VisitModule", "VisitModule", "{03ECB6D1-B2C7-48D5-903E-7EE7273BB275}"
EndProject
Project("{FAE04EC0-301F-11D3-BF4B-00C04F79EFBC}") = "ModularMonolith.Entities", "ModularMonolith.Entities\ModularMonolith.Entities.csproj", "{11FC2F6F-858C-41DD-AF47-F84A92998A23}"
EndProject
Project("{2150E333-8FDC-42A3-9474-1A3956D46DE8}") = "00. SolutionItems", "00. SolutionItems", "{27BCE460-730E-44F1-A772-BB012A5590C0}"
	ProjectSection(SolutionItems) = preProject
		README.md = README.md
	EndProjectSection
EndProject
Global
	GlobalSection(SolutionConfigurationPlatforms) = preSolution
		Debug|Any CPU = Debug|Any CPU
		Release|Any CPU = Release|Any CPU
	EndGlobalSection
	GlobalSection(ProjectConfigurationPlatforms) = postSolution
		{A0806EDA-66CC-4E04-9496-AC2420E61F45}.Debug|Any CPU.ActiveCfg = Debug|Any CPU
		{A0806EDA-66CC-4E04-9496-AC2420E61F45}.Debug|Any CPU.Build.0 = Debug|Any CPU
		{A0806EDA-66CC-4E04-9496-AC2420E61F45}.Release|Any CPU.ActiveCfg = Release|Any CPU
		{A0806EDA-66CC-4E04-9496-AC2420E61F45}.Release|Any CPU.Build.0 = Release|Any CPU
		{28B7D4C7-F6BB-4BBF-A43F-F6048BE136DF}.Debug|Any CPU.ActiveCfg = Debug|Any CPU
		{28B7D4C7-F6BB-4BBF-A43F-F6048BE136DF}.Debug|Any CPU.Build.0 = Debug|Any CPU
		{28B7D4C7-F6BB-4BBF-A43F-F6048BE136DF}.Release|Any CPU.ActiveCfg = Release|Any CPU
		{28B7D4C7-F6BB-4BBF-A43F-F6048BE136DF}.Release|Any CPU.Build.0 = Release|Any CPU
		{7C9D918F-AE48-4900-BEC9-9EF45E59E8D4}.Debug|Any CPU.ActiveCfg = Debug|Any CPU
		{7C9D918F-AE48-4900-BEC9-9EF45E59E8D4}.Debug|Any CPU.Build.0 = Debug|Any CPU
		{7C9D918F-AE48-4900-BEC9-9EF45E59E8D4}.Release|Any CPU.ActiveCfg = Release|Any CPU
		{7C9D918F-AE48-4900-BEC9-9EF45E59E8D4}.Release|Any CPU.Build.0 = Release|Any CPU
		{20115A89-4FB4-4199-B651-11FA956EE8E4}.Debug|Any CPU.ActiveCfg = Debug|Any CPU
		{20115A89-4FB4-4199-B651-11FA956EE8E4}.Debug|Any CPU.Build.0 = Debug|Any CPU
		{20115A89-4FB4-4199-B651-11FA956EE8E4}.Release|Any CPU.ActiveCfg = Release|Any CPU
		{20115A89-4FB4-4199-B651-11FA956EE8E4}.Release|Any CPU.Build.0 = Release|Any CPU
		{11FC2F6F-858C-41DD-AF47-F84A92998A23}.Debug|Any CPU.ActiveCfg = Debug|Any CPU
		{11FC2F6F-858C-41DD-AF47-F84A92998A23}.Debug|Any CPU.Build.0 = Debug|Any CPU
		{11FC2F6F-858C-41DD-AF47-F84A92998A23}.Release|Any CPU.ActiveCfg = Release|Any CPU
		{11FC2F6F-858C-41DD-AF47-F84A92998A23}.Release|Any CPU.Build.0 = Release|Any CPU
	EndGlobalSection
	GlobalSection(NestedProjects) = preSolution
		{20115A89-4FB4-4199-B651-11FA956EE8E4} = {611216B0-E274-458A-A8B5-5CACA2878A49}
		{A0806EDA-66CC-4E04-9496-AC2420E61F45} = {70CF9AFA-54C3-4BAB-9185-8F8FC41D05A7}
		{59E008C4-777E-4E06-9299-3AB17C00F9AC} = {D45C133C-BA8A-49DE-9A94-266671995012}
		{03ECB6D1-B2C7-48D5-903E-7EE7273BB275} = {D45C133C-BA8A-49DE-9A94-266671995012}
		{28B7D4C7-F6BB-4BBF-A43F-F6048BE136DF} = {59E008C4-777E-4E06-9299-3AB17C00F9AC}
		{7C9D918F-AE48-4900-BEC9-9EF45E59E8D4} = {03ECB6D1-B2C7-48D5-903E-7EE7273BB275}
		{11FC2F6F-858C-41DD-AF47-F84A92998A23} = {611216B0-E274-458A-A8B5-5CACA2878A49}
	EndGlobalSection
EndGlobal
